# This file is automatically @generated by Cargo.
# It is not intended for manual editing.
version = 4

[[package]]
name = "composable-indexes"
version = "0.1.0"
dependencies = [
 "tupleops",
]

[[package]]
name = "proc-macro2"
version = "1.0.94"
source = "registry+https://github.com/rust-lang/crates.io-index"
checksum = "a31971752e70b8b2686d7e46ec17fb38dad4051d94024c88df49b667caea9c84"
dependencies = [
 "unicode-ident",
]

[[package]]
name = "quote"
version = "1.0.40"
source = "registry+https://github.com/rust-lang/crates.io-index"
checksum = "1885c039570dc00dcb4ff087a89e185fd56bae234ddc7f056a945bf36467248d"
dependencies = [
 "proc-macro2",
]

[[package]]
name = "syn"
version = "1.0.109"
source = "registry+https://github.com/rust-lang/crates.io-index"
checksum = "72b64191b275b66ffe2469e8af2c1cfe3bafa67b529ead792a6d0160888b4237"
dependencies = [
 "proc-macro2",
 "quote",
 "unicode-ident",
]

[[package]]
name = "tupleops"
version = "0.1.1"
source = "registry+https://github.com/rust-lang/crates.io-index"
checksum = "9e290078fe0f775c39aebc49987d4aac90c3b9539316acb240dc9ec2a4611156"
dependencies = [
 "tupleops-macros",
]

[[package]]
name = "tupleops-generator"
version = "0.1.0"
source = "registry+https://github.com/rust-lang/crates.io-index"
checksum = "136120de3f8963f0d6e1d736aead1c3ed0632c72f5a97f5ed1854818d69b6271"

[[package]]
name = "tupleops-macros"
version = "0.1.0"
source = "registry+https://github.com/rust-lang/crates.io-index"
checksum = "ae3b0b025de1c76e24a54d30c8b0a0f4c019de78f5ed525d708bafd4b4717caa"
dependencies = [
 "syn",
 "tupleops-generator",
]

[[package]]
name = "unicode-ident"
version = "1.0.18"
source = "registry+https://github.com/rust-lang/crates.io-index"
checksum = "5a5f39404a5da50712a4c1eecf25e90dd62b613502b7e925fd4e4d19b5c96512"
